// !$*UTF8*$!
{
	archiveVersion = 1;
	classes = {
	};
	objectVersion = 56;
	objects = {

/* Begin PBXBuildFile section */
		5F74FA6429E63ADA009E0D48 /* ParseSwift in Frameworks */ = {isa = PBXBuildFile; productRef = 5F74FA6329E63ADA009E0D48 /* ParseSwift */; };
		5F7CF90329E4E67F00D4D16E /* SignUpPage.swift in Sources */ = {isa = PBXBuildFile; fileRef = 5F7CF90229E4E67F00D4D16E /* SignUpPage.swift */; };
		5FA84E4829E4E23400F90806 /* AppDelegate.swift in Sources */ = {isa = PBXBuildFile; fileRef = 5FA84E4729E4E23400F90806 /* AppDelegate.swift */; };
		5FA84E4C29E4E23700F90806 /* Assets.xcassets in Resources */ = {isa = PBXBuildFile; fileRef = 5FA84E4B29E4E23700F90806 /* Assets.xcassets */; };
		5FA84E4F29E4E23700F90806 /* Preview Assets.xcassets in Resources */ = {isa = PBXBuildFile; fileRef = 5FA84E4E29E4E23700F90806 /* Preview Assets.xcassets */; };
		5FF78C9829E63EFC0024695D /* SceneDelegate.swift in Sources */ = {isa = PBXBuildFile; fileRef = 5FF78C9729E63EFC0024695D /* SceneDelegate.swift */; };
		5FF78C9B29E643130024695D /* User.swift in Sources */ = {isa = PBXBuildFile; fileRef = 5FF78C9A29E643130024695D /* User.swift */; };
		5FF78C9D29E644680024695D /* Art.swift in Sources */ = {isa = PBXBuildFile; fileRef = 5FF78C9C29E644680024695D /* Art.swift */; };
		5FF78CA029E645F90024695D /* LoginPage.swift in Sources */ = {isa = PBXBuildFile; fileRef = 5FF78C9F29E645F90024695D /* LoginPage.swift */; };
		5FF78CA129E652930024695D /* Main.storyboard in Resources */ = {isa = PBXBuildFile; fileRef = 5FF78CA329E652930024695D /* Main.storyboard */; };
		5FF78CA529E6645F0024695D /* ArtPage.swift in Sources */ = {isa = PBXBuildFile; fileRef = 5FF78CA429E6645F0024695D /* ArtPage.swift */; };
		5FF78CA729E740EC0024695D /* DetailArtPage.swift in Sources */ = {isa = PBXBuildFile; fileRef = 5FF78CA629E740EC0024695D /* DetailArtPage.swift */; };
		5FF78CA929E74A200024695D /* ArtCell.swift in Sources */ = {isa = PBXBuildFile; fileRef = 5FF78CA829E74A200024695D /* ArtCell.swift */; };
		5FF78CAB29E762F30024695D /* LaunchScreen.storyboard in Resources */ = {isa = PBXBuildFile; fileRef = 5FF78CAA29E762F30024695D /* LaunchScreen.storyboard */; };
/* End PBXBuildFile section */

/* Begin PBXFileReference section */
		5F7CF90229E4E67F00D4D16E /* SignUpPage.swift */ = {isa = PBXFileReference; lastKnownFileType = sourcecode.swift; path = SignUpPage.swift; sourceTree = "<group>"; };
		5FA84E4429E4E23400F90806 /* cosas.app */ = {isa = PBXFileReference; explicitFileType = wrapper.application; includeInIndex = 0; path = cosas.app; sourceTree = BUILT_PRODUCTS_DIR; };
		5FA84E4729E4E23400F90806 /* AppDelegate.swift */ = {isa = PBXFileReference; lastKnownFileType = sourcecode.swift; path = AppDelegate.swift; sourceTree = "<group>"; };
		5FA84E4B29E4E23700F90806 /* Assets.xcassets */ = {isa = PBXFileReference; lastKnownFileType = folder.assetcatalog; path = Assets.xcassets; sourceTree = "<group>"; };
		5FA84E4E29E4E23700F90806 /* Preview Assets.xcassets */ = {isa = PBXFileReference; lastKnownFileType = folder.assetcatalog; path = "Preview Assets.xcassets"; sourceTree = "<group>"; };
		5FF78C9729E63EFC0024695D /* SceneDelegate.swift */ = {isa = PBXFileReference; lastKnownFileType = sourcecode.swift; path = SceneDelegate.swift; sourceTree = "<group>"; };
		5FF78C9A29E643130024695D /* User.swift */ = {isa = PBXFileReference; lastKnownFileType = sourcecode.swift; path = User.swift; sourceTree = "<group>"; };
		5FF78C9C29E644680024695D /* Art.swift */ = {isa = PBXFileReference; lastKnownFileType = sourcecode.swift; path = Art.swift; sourceTree = "<group>"; };
		5FF78C9F29E645F90024695D /* LoginPage.swift */ = {isa = PBXFileReference; lastKnownFileType = sourcecode.swift; path = LoginPage.swift; sourceTree = "<group>"; };
		5FF78CA229E652930024695D /* Base */ = {isa = PBXFileReference; lastKnownFileType = file.storyboard; name = Base; path = Base.lproj/Main.storyboard; sourceTree = "<group>"; };
		5FF78CA429E6645F0024695D /* ArtPage.swift */ = {isa = PBXFileReference; lastKnownFileType = sourcecode.swift; path = ArtPage.swift; sourceTree = "<group>"; };
		5FF78CA629E740EC0024695D /* DetailArtPage.swift */ = {isa = PBXFileReference; lastKnownFileType = sourcecode.swift; path = DetailArtPage.swift; sourceTree = "<group>"; };
		5FF78CA829E74A200024695D /* ArtCell.swift */ = {isa = PBXFileReference; lastKnownFileType = sourcecode.swift; path = ArtCell.swift; sourceTree = "<group>"; };
		5FF78CAA29E762F30024695D /* LaunchScreen.storyboard */ = {isa = PBXFileReference; lastKnownFileType = file.storyboard; path = LaunchScreen.storyboard; sourceTree = "<group>"; };
		5FF78CAC29E76D7E0024695D /* Info.plist */ = {isa = PBXFileReference; lastKnownFileType = text.plist.xml; path = Info.plist; sourceTree = "<group>"; };
/* End PBXFileReference section */

/* Begin PBXFrameworksBuildPhase section */
		5FA84E4129E4E23400F90806 /* Frameworks */ = {
			isa = PBXFrameworksBuildPhase;
			buildActionMask = 2147483647;
			files = (
				5F74FA6429E63ADA009E0D48 /* ParseSwift in Frameworks */,
			);
			runOnlyForDeploymentPostprocessing = 0;
		};
/* End PBXFrameworksBuildPhase section */

/* Begin PBXGroup section */
		5FA84E3B29E4E23400F90806 = {
			isa = PBXGroup;
			children = (
				5FA84E4629E4E23400F90806 /* cosas */,
				5FA84E4529E4E23400F90806 /* Products */,
			);
			sourceTree = "<group>";
		};
		5FA84E4529E4E23400F90806 /* Products */ = {
			isa = PBXGroup;
			children = (
				5FA84E4429E4E23400F90806 /* cosas.app */,
			);
			name = Products;
			sourceTree = "<group>";
		};
		5FA84E4629E4E23400F90806 /* cosas */ = {
			isa = PBXGroup;
			children = (
				5FF78C9E29E645C30024695D /* Login */,
				5FF78C9929E63F200024695D /* Models */,
				5FF78CA329E652930024695D /* Main.storyboard */,
				5FA84E4729E4E23400F90806 /* AppDelegate.swift */,
				5FF78C9729E63EFC0024695D /* SceneDelegate.swift */,
				5FF78CA429E6645F0024695D /* ArtPage.swift */,
				5FF78CA629E740EC0024695D /* DetailArtPage.swift */,
				5FF78CA829E74A200024695D /* ArtCell.swift */,
				5FA84E4B29E4E23700F90806 /* Assets.xcassets */,
				5FA84E4D29E4E23700F90806 /* Preview Content */,
				5FF78CAA29E762F30024695D /* LaunchScreen.storyboard */,
				5FF78CAC29E76D7E0024695D /* Info.plist */,
			);
			path = cosas;
			sourceTree = "<group>";
		};
		5FA84E4D29E4E23700F90806 /* Preview Content */ = {
			isa = PBXGroup;
			children = (
				5FA84E4E29E4E23700F90806 /* Preview Assets.xcassets */,
			);
			path = "Preview Content";
			sourceTree = "<group>";
		};
		5FF78C9929E63F200024695D /* Models */ = {
			isa = PBXGroup;
			children = (
				5FF78C9A29E643130024695D /* User.swift */,
				5FF78C9C29E644680024695D /* Art.swift */,
			);
			path = Models;
			sourceTree = "<group>";
		};
		5FF78C9E29E645C30024695D /* Login */ = {
			isa = PBXGroup;
			children = (
				5F7CF90229E4E67F00D4D16E /* SignUpPage.swift */,
				5FF78C9F29E645F90024695D /* LoginPage.swift */,
			);
			path = Login;
			sourceTree = "<group>";
		};
/* End PBXGroup section */

/* Begin PBXNativeTarget section */
		5FA84E4329E4E23400F90806 /* cosas */ = {
			isa = PBXNativeTarget;
			buildConfigurationList = 5FA84E5229E4E23700F90806 /* Build configuration list for PBXNativeTarget "cosas" */;
			buildPhases = (
				5FA84E4029E4E23400F90806 /* Sources */,
				5FA84E4129E4E23400F90806 /* Frameworks */,
				5FA84E4229E4E23400F90806 /* Resources */,
			);
			buildRules = (
			);
			dependencies = (
			);
			name = cosas;
			packageProductDependencies = (
				5F74FA6329E63ADA009E0D48 /* ParseSwift */,
			);
			productName = cosas;
			productReference = 5FA84E4429E4E23400F90806 /* cosas.app */;
			productType = "com.apple.product-type.application";
		};
/* End PBXNativeTarget section */

/* Begin PBXProject section */
		5FA84E3C29E4E23400F90806 /* Project object */ = {
			isa = PBXProject;
			attributes = {
				BuildIndependentTargetsInParallel = 1;
				LastSwiftUpdateCheck = 1420;
				LastUpgradeCheck = 1420;
				TargetAttributes = {
					5FA84E4329E4E23400F90806 = {
						CreatedOnToolsVersion = 14.2;
					};
				};
			};
			buildConfigurationList = 5FA84E3F29E4E23400F90806 /* Build configuration list for PBXProject "cosas" */;
			compatibilityVersion = "Xcode 14.0";
			developmentRegion = en;
			hasScannedForEncodings = 0;
			knownRegions = (
				en,
				Base,
			);
			mainGroup = 5FA84E3B29E4E23400F90806;
			packageReferences = (
				5F74FA6229E63ADA009E0D48 /* XCRemoteSwiftPackageReference "Parse-Swift" */,
			);
			productRefGroup = 5FA84E4529E4E23400F90806 /* Products */;
			projectDirPath = "";
			projectRoot = "";
			targets = (
				5FA84E4329E4E23400F90806 /* cosas */,
			);
		};
/* End PBXProject section */

/* Begin PBXResourcesBuildPhase section */
		5FA84E4229E4E23400F90806 /* Resources */ = {
			isa = PBXResourcesBuildPhase;
			buildActionMask = 2147483647;
			files = (
				5FA84E4F29E4E23700F90806 /* Preview Assets.xcassets in Resources */,
				5FF78CAB29E762F30024695D /* LaunchScreen.storyboard in Resources */,
				5FF78CA129E652930024695D /* Main.storyboard in Resources */,
				5FA84E4C29E4E23700F90806 /* Assets.xcassets in Resources */,
			);
			runOnlyForDeploymentPostprocessing = 0;
		};
/* End PBXResourcesBuildPhase section */

/* Begin PBXSourcesBuildPhase section */
		5FA84E4029E4E23400F90806 /* Sources */ = {
			isa = PBXSourcesBuildPhase;
			buildActionMask = 2147483647;
			files = (
				5FF78C9B29E643130024695D /* User.swift in Sources */,
				5F7CF90329E4E67F00D4D16E /* SignUpPage.swift in Sources */,
				5FF78CA929E74A200024695D /* ArtCell.swift in Sources */,
				5FF78C9D29E644680024695D /* Art.swift in Sources */,
				5FF78CA529E6645F0024695D /* ArtPage.swift in Sources */,
				5FA84E4829E4E23400F90806 /* AppDelegate.swift in Sources */,
				5FF78CA729E740EC0024695D /* DetailArtPage.swift in Sources */,
				5FF78CA029E645F90024695D /* LoginPage.swift in Sources */,
				5FF78C9829E63EFC0024695D /* SceneDelegate.swift in Sources */,
			);
			runOnlyForDeploymentPostprocessing = 0;
		};
/* End PBXSourcesBuildPhase section */

/* Begin PBXVariantGroup section */
		5FF78CA329E652930024695D /* Main.storyboard */ = {
			isa = PBXVariantGroup;
			children = (
				5FF78CA229E652930024695D /* Base */,
			);
			name = Main.storyboard;
			sourceTree = "<group>";
		};
/* End PBXVariantGroup section */

/* Begin XCBuildConfiguration section */
		5FA84E5029E4E23700F90806 /* Debug */ = {
			isa = XCBuildConfiguration;
			buildSettings = {
				ALWAYS_SEARCH_USER_PATHS = NO;
				CLANG_ANALYZER_NONNULL = YES;
				CLANG_ANALYZER_NUMBER_OBJECT_CONVERSION = YES_AGGRESSIVE;
				CLANG_CXX_LANGUAGE_STANDARD = "gnu++20";
				CLANG_ENABLE_MODULES = YES;
				CLANG_ENABLE_OBJC_ARC = YES;
				CLANG_ENABLE_OBJC_WEAK = YES;
				CLANG_WARN_BLOCK_CAPTURE_AUTORELEASING = YES;
				CLANG_WARN_BOOL_CONVERSION = YES;
				CLANG_WARN_COMMA = YES;
				CLANG_WARN_CONSTANT_CONVERSION = YES;
				CLANG_WARN_DEPRECATED_OBJC_IMPLEMENTATIONS = YES;
				CLANG_WARN_DIRECT_OBJC_ISA_USAGE = YES_ERROR;
				CLANG_WARN_DOCUMENTATION_COMMENTS = YES;
				CLANG_WARN_EMPTY_BODY = YES;
				CLANG_WARN_ENUM_CONVERSION = YES;
				CLANG_WARN_INFINITE_RECURSION = YES;
				CLANG_WARN_INT_CONVERSION = YES;
				CLANG_WARN_NON_LITERAL_NULL_CONVERSION = YES;
				CLANG_WARN_OBJC_IMPLICIT_RETAIN_SELF = YES;
				CLANG_WARN_OBJC_LITERAL_CONVERSION = YES;
				CLANG_WARN_OBJC_ROOT_CLASS = YES_ERROR;
				CLANG_WARN_QUOTED_INCLUDE_IN_FRAMEWORK_HEADER = YES;
				CLANG_WARN_RANGE_LOOP_ANALYSIS = YES;
				CLANG_WARN_STRICT_PROTOTYPES = YES;
				CLANG_WARN_SUSPICIOUS_MOVE = YES;
				CLANG_WARN_UNGUARDED_AVAILABILITY = YES_AGGRESSIVE;
				CLANG_WARN_UNREACHABLE_CODE = YES;
				CLANG_WARN__DUPLICATE_METHOD_MATCH = YES;
				COPY_PHASE_STRIP = NO;
				DEBUG_INFORMATION_FORMAT = dwarf;
				ENABLE_STRICT_OBJC_MSGSEND = YES;
				ENABLE_TESTABILITY = YES;
				GCC_C_LANGUAGE_STANDARD = gnu11;
				GCC_DYNAMIC_NO_PIC = NO;
				GCC_NO_COMMON_BLOCKS = YES;
				GCC_OPTIMIZATION_LEVEL = 0;
				GCC_PREPROCESSOR_DEFINITIONS = (
					"DEBUG=1",
					"$(inherited)",
				);
				GCC_WARN_64_TO_32_BIT_CONVERSION = YES;
				GCC_WARN_ABOUT_RETURN_TYPE = YES_ERROR;
				GCC_WARN_UNDECLARED_SELECTOR = YES;
				GCC_WARN_UNINITIALIZED_AUTOS = YES_AGGRESSIVE;
				GCC_WARN_UNUSED_FUNCTION = YES;
				GCC_WARN_UNUSED_VARIABLE = YES;
				IPHONEOS_DEPLOYMENT_TARGET = 16.2;
				MTL_ENABLE_DEBUG_INFO = INCLUDE_SOURCE;
				MTL_FAST_MATH = YES;
				ONLY_ACTIVE_ARCH = YES;
				SDKROOT = iphoneos;
				SWIFT_ACTIVE_COMPILATION_CONDITIONS = DEBUG;
				SWIFT_OPTIMIZATION_LEVEL = "-Onone";
			};
			name = Debug;
		};
		5FA84E5129E4E23700F90806 /* Release */ = {
			isa = XCBuildConfiguration;
			buildSettings = {
				ALWAYS_SEARCH_USER_PATHS = NO;
				CLANG_ANALYZER_NONNULL = YES;
				CLANG_ANALYZER_NUMBER_OBJECT_CONVERSION = YES_AGGRESSIVE;
				CLANG_CXX_LANGUAGE_STANDARD = "gnu++20";
				CLANG_ENABLE_MODULES = YES;
				CLANG_ENABLE_OBJC_ARC = YES;
				CLANG_ENABLE_OBJC_WEAK = YES;
				CLANG_WARN_BLOCK_CAPTURE_AUTORELEASING = YES;
				CLANG_WARN_BOOL_CONVERSION = YES;
				CLANG_WARN_COMMA = YES;
				CLANG_WARN_CONSTANT_CONVERSION = YES;
				CLANG_WARN_DEPRECATED_OBJC_IMPLEMENTATIONS = YES;
				CLANG_WARN_DIRECT_OBJC_ISA_USAGE = YES_ERROR;
				CLANG_WARN_DOCUMENTATION_COMMENTS = YES;
				CLANG_WARN_EMPTY_BODY = YES;
				CLANG_WARN_ENUM_CONVERSION = YES;
				CLANG_WARN_INFINITE_RECURSION = YES;
				CLANG_WARN_INT_CONVERSION = YES;
				CLANG_WARN_NON_LITERAL_NULL_CONVERSION = YES;
				CLANG_WARN_OBJC_IMPLICIT_RETAIN_SELF = YES;
				CLANG_WARN_OBJC_LITERAL_CONVERSION = YES;
				CLANG_WARN_OBJC_ROOT_CLASS = YES_ERROR;
				CLANG_WARN_QUOTED_INCLUDE_IN_FRAMEWORK_HEADER = YES;
				CLANG_WARN_RANGE_LOOP_ANALYSIS = YES;
				CLANG_WARN_STRICT_PROTOTYPES = YES;
				CLANG_WARN_SUSPICIOUS_MOVE = YES;
				CLANG_WARN_UNGUARDED_AVAILABILITY = YES_AGGRESSIVE;
				CLANG_WARN_UNREACHABLE_CODE = YES;
				CLANG_WARN__DUPLICATE_METHOD_MATCH = YES;
				COPY_PHASE_STRIP = NO;
				DEBUG_INFORMATION_FORMAT = "dwarf-with-dsym";
				ENABLE_NS_ASSERTIONS = NO;
				ENABLE_STRICT_OBJC_MSGSEND = YES;
				GCC_C_LANGUAGE_STANDARD = gnu11;
				GCC_NO_COMMON_BLOCKS = YES;
				GCC_WARN_64_TO_32_BIT_CONVERSION = YES;
				GCC_WARN_ABOUT_RETURN_TYPE = YES_ERROR;
				GCC_WARN_UNDECLARED_SELECTOR = YES;
				GCC_WARN_UNINITIALIZED_AUTOS = YES_AGGRESSIVE;
				GCC_WARN_UNUSED_FUNCTION = YES;
				GCC_WARN_UNUSED_VARIABLE = YES;
				IPHONEOS_DEPLOYMENT_TARGET = 16.2;
				MTL_ENABLE_DEBUG_INFO = NO;
				MTL_FAST_MATH = YES;
				SDKROOT = iphoneos;
				SWIFT_COMPILATION_MODE = wholemodule;
				SWIFT_OPTIMIZATION_LEVEL = "-O";
				VALIDATE_PRODUCT = YES;
			};
			name = Release;
		};
		5FA84E5329E4E23700F90806 /* Debug */ = {
			isa = XCBuildConfiguration;
			buildSettings = {
				ASSETCATALOG_COMPILER_APPICON_NAME = AppIcon;
				ASSETCATALOG_COMPILER_GLOBAL_ACCENT_COLOR_NAME = AccentColor;
				CODE_SIGN_STYLE = Automatic;
				CURRENT_PROJECT_VERSION = 1;
				DEVELOPMENT_ASSET_PATHS = "\"cosas/Preview Content\"";
				DEVELOPMENT_TEAM = FSNQ9SWB4B;
				ENABLE_PREVIEWS = YES;
				GENERATE_INFOPLIST_FILE = YES;
				INFOPLIST_KEY_UIApplicationSceneManifest_Generation = YES;
				INFOPLIST_KEY_UIApplicationSupportsIndirectInputEvents = YES;
				INFOPLIST_KEY_UILaunchScreen_Generation = YES;
				INFOPLIST_KEY_UILaunchStoryboardName = LaunchScreen.storyboard;
				INFOPLIST_KEY_UISupportedInterfaceOrientations_iPad = "UIInterfaceOrientationPortrait UIInterfaceOrientationPortraitUpsideDown UIInterfaceOrientationLandscapeLeft UIInterfaceOrientationLandscapeRight";
				INFOPLIST_KEY_UISupportedInterfaceOrientations_iPhone = "UIInterfaceOrientationPortrait UIInterfaceOrientationLandscapeLeft UIInterfaceOrientationLandscapeRight";
				LD_RUNPATH_SEARCH_PATHS = (
					"$(inherited)",
					"@executable_path/Frameworks",
				);
				MARKETING_VERSION = 1.0;
				PRODUCT_BUNDLE_IDENTIFIER = com.capexi.cosas;
				PRODUCT_NAME = "$(TARGET_NAME)";
				SWIFT_EMIT_LOC_STRINGS = YES;
				SWIFT_VERSION = 5.0;
				TARGETED_DEVICE_FAMILY = "1,2";
			};
			name = Debug;
		};
		5FA84E5429E4E23700F90806 /* Release */ = {
			isa = XCBuildConfiguration;
			buildSettings = {
				ASSETCATALOG_COMPILER_APPICON_NAME = AppIcon;
				ASSETCATALOG_COMPILER_GLOBAL_ACCENT_COLOR_NAME = AccentColor;
				CODE_SIGN_STYLE = Automatic;
				CURRENT_PROJECT_VERSION = 1;
				DEVELOPMENT_ASSET_PATHS = "\"cosas/Preview Content\"";
				DEVELOPMENT_TEAM = FSNQ9SWB4B;
				ENABLE_PREVIEWS = YES;
				GENERATE_INFOPLIST_FILE = YES;
				INFOPLIST_KEY_UIApplicationSceneManifest_Generation = YES;
				INFOPLIST_KEY_UIApplicationSupportsIndirectInputEvents = YES;
				INFOPLIST_KEY_UILaunchScreen_Generation = YES;
				INFOPLIST_KEY_UILaunchStoryboardName = LaunchScreen.storyboard;
				INFOPLIST_KEY_UISupportedInterfaceOrientations_iPad = "UIInterfaceOrientationPortrait UIInterfaceOrientationPortraitUpsideDown UIInterfaceOrientationLandscapeLeft UIInterfaceOrientationLandscapeRight";
				INFOPLIST_KEY_UISupportedInterfaceOrientations_iPhone = "UIInterfaceOrientationPortrait UIInterfaceOrientationLandscapeLeft UIInterfaceOrientationLandscapeRight";
				LD_RUNPATH_SEARCH_PATHS = (
					"$(inherited)",
					"@executable_path/Frameworks",
				);
				MARKETING_VERSION = 1.0;
				PRODUCT_BUNDLE_IDENTIFIER = com.capexi.cosas;
				PRODUCT_NAME = "$(TARGET_NAME)";
				SWIFT_EMIT_LOC_STRINGS = YES;
				SWIFT_VERSION = 5.0;
				TARGETED_DEVICE_FAMILY = "1,2";
			};
			name = Release;
		};
/* End XCBuildConfiguration section */

/* Begin XCConfigurationList section */
		5FA84E3F29E4E23400F90806 /* Build configuration list for PBXProject "cosas" */ = {
			isa = XCConfigurationList;
			buildConfigurations = (
				5FA84E5029E4E23700F90806 /* Debug */,
				5FA84E5129E4E23700F90806 /* Release */,
			);
			defaultConfigurationIsVisible = 0;
			defaultConfigurationName = Release;
		};
		5FA84E5229E4E23700F90806 /* Build configuration list for PBXNativeTarget "cosas" */ = {
			isa = XCConfigurationList;
			buildConfigurations = (
				5FA84E5329E4E23700F90806 /* Debug */,
				5FA84E5429E4E23700F90806 /* Release */,
			);
			defaultConfigurationIsVisible = 0;
			defaultConfigurationName = Release;
		};
/* End XCConfigurationList section */

/* Begin XCRemoteSwiftPackageReference section */
		5F74FA6229E63ADA009E0D48 /* XCRemoteSwiftPackageReference "Parse-Swift" */ = {
			isa = XCRemoteSwiftPackageReference;
			repositoryURL = "https://github.com/parse-community/Parse-Swift.git";
			requirement = {
				kind = upToNextMajorVersion;
				minimumVersion = 4.0.0;
			};
		};
/* End XCRemoteSwiftPackageReference section */

/* Begin XCSwiftPackageProductDependency section */
		5F74FA6329E63ADA009E0D48 /* ParseSwift */ = {
			isa = XCSwiftPackageProductDependency;
			package = 5F74FA6229E63ADA009E0D48 /* XCRemoteSwiftPackageReference "Parse-Swift" */;
			productName = ParseSwift;
		};
/* End XCSwiftPackageProductDependency section */
	};
	rootObject = 5FA84E3C29E4E23400F90806 /* Project object */;
}
